// !$*UTF8*$!
{
	archiveVersion = 1;
	classes = {
	};
	objectVersion = 46;
	objects = {

/* Begin PBXBuildFile section */
		023DB12F1B670BE50048224A /* AppDelegate.swift in Sources */ = {isa = PBXBuildFile; fileRef = 023DB12E1B670BE50048224A /* AppDelegate.swift */; };
		023DB1311B670BE50048224A /* ViewController.swift in Sources */ = {isa = PBXBuildFile; fileRef = 023DB1301B670BE50048224A /* ViewController.swift */; };
		023DB1341B670BE50048224A /* Main.storyboard in Resources */ = {isa = PBXBuildFile; fileRef = 023DB1321B670BE50048224A /* Main.storyboard */; };
		023DB1361B670BE50048224A /* Images.xcassets in Resources */ = {isa = PBXBuildFile; fileRef = 023DB1351B670BE50048224A /* Images.xcassets */; };
		023DB1391B670BE50048224A /* LaunchScreen.xib in Resources */ = {isa = PBXBuildFile; fileRef = 023DB1371B670BE50048224A /* LaunchScreen.xib */; };
		023DB1451B670BE50048224A /* UAP2Tests.swift in Sources */ = {isa = PBXBuildFile; fileRef = 023DB1441B670BE50048224A /* UAP2Tests.swift */; };
		023DB1501B670C920048224A /* Play.png in Resources */ = {isa = PBXBuildFile; fileRef = 023DB14E1B670C920048224A /* Play.png */; };
		023DB1511B670C920048224A /* Twilight Poem.mp3 in Resources */ = {isa = PBXBuildFile; fileRef = 023DB14F1B670C920048224A /* Twilight Poem.mp3 */; };
		025D656D1B8BE9EA006C363C /* AudioPlayer.swift in Sources */ = {isa = PBXBuildFile; fileRef = 025D656C1B8BE9EA006C363C /* AudioPlayer.swift */; };
		02BDE2911BB0BF200084BD5C /* Battle at the misty valley.mp3 in Resources */ = {isa = PBXBuildFile; fileRef = 02BDE2901BB0BF200084BD5C /* Battle at the misty valley.mp3 */; };
		02BDE2991BB0C51A0084BD5C /* ffw_icn.png in Resources */ = {isa = PBXBuildFile; fileRef = 02BDE2931BB0C51A0084BD5C /* ffw_icn.png */; };
		02BDE29A1BB0C51A0084BD5C /* first_icn.png in Resources */ = {isa = PBXBuildFile; fileRef = 02BDE2941BB0C51A0084BD5C /* first_icn.png */; };
		02BDE29B1BB0C51A0084BD5C /* last_icn.png in Resources */ = {isa = PBXBuildFile; fileRef = 02BDE2951BB0C51A0084BD5C /* last_icn.png */; };
		02BDE29C1BB0C51A0084BD5C /* pause_icn.png in Resources */ = {isa = PBXBuildFile; fileRef = 02BDE2961BB0C51A0084BD5C /* pause_icn.png */; };
		02BDE29D1BB0C51A0084BD5C /* play_icn.png in Resources */ = {isa = PBXBuildFile; fileRef = 02BDE2971BB0C51A0084BD5C /* play_icn.png */; };
		02BDE29E1BB0C51A0084BD5C /* rew_icn.png in Resources */ = {isa = PBXBuildFile; fileRef = 02BDE2981BB0C51A0084BD5C /* rew_icn.png */; };
		1F628B161BE84A22005902DF /* MediaClass.swift in Sources */ = {isa = PBXBuildFile; fileRef = 1F628B151BE84A22005902DF /* MediaClass.swift */; };
		1FD96DC71C166E0500F37047 /* Audio.swift in Sources */ = {isa = PBXBuildFile; fileRef = 1FD96DC61C166E0500F37047 /* Audio.swift */; };
		1FD96DC91C166FD300F37047 /* AudioLibrary.swift in Sources */ = {isa = PBXBuildFile; fileRef = 1FD96DC81C166FD300F37047 /* AudioLibrary.swift */; };
/* End PBXBuildFile section */

/* Begin PBXContainerItemProxy section */
		023DB13F1B670BE50048224A /* PBXContainerItemProxy */ = {
			isa = PBXContainerItemProxy;
			containerPortal = 023DB1211B670BE50048224A /* Project object */;
			proxyType = 1;
			remoteGlobalIDString = 023DB1281B670BE50048224A;
			remoteInfo = UAP2;
		};
/* End PBXContainerItemProxy section */

/* Begin PBXFileReference section */
		023DB1291B670BE50048224A /* UAP2.app */ = {isa = PBXFileReference; explicitFileType = wrapper.application; includeInIndex = 0; path = UAP2.app; sourceTree = BUILT_PRODUCTS_DIR; };
		023DB12D1B670BE50048224A /* Info.plist */ = {isa = PBXFileReference; lastKnownFileType = text.plist.xml; path = Info.plist; sourceTree = "<group>"; };
		023DB12E1B670BE50048224A /* AppDelegate.swift */ = {isa = PBXFileReference; lastKnownFileType = sourcecode.swift; path = AppDelegate.swift; sourceTree = "<group>"; };
		023DB1301B670BE50048224A /* ViewController.swift */ = {isa = PBXFileReference; lastKnownFileType = sourcecode.swift; path = ViewController.swift; sourceTree = "<group>"; };
		023DB1331B670BE50048224A /* Base */ = {isa = PBXFileReference; lastKnownFileType = file.storyboard; name = Base; path = Base.lproj/Main.storyboard; sourceTree = "<group>"; };
		023DB1351B670BE50048224A /* Images.xcassets */ = {isa = PBXFileReference; lastKnownFileType = folder.assetcatalog; path = Images.xcassets; sourceTree = "<group>"; };
		023DB1381B670BE50048224A /* Base */ = {isa = PBXFileReference; lastKnownFileType = file.xib; name = Base; path = Base.lproj/LaunchScreen.xib; sourceTree = "<group>"; };
		023DB13E1B670BE50048224A /* UAP2Tests.xctest */ = {isa = PBXFileReference; explicitFileType = wrapper.cfbundle; includeInIndex = 0; path = UAP2Tests.xctest; sourceTree = BUILT_PRODUCTS_DIR; };
		023DB1431B670BE50048224A /* Info.plist */ = {isa = PBXFileReference; lastKnownFileType = text.plist.xml; path = Info.plist; sourceTree = "<group>"; };
		023DB1441B670BE50048224A /* UAP2Tests.swift */ = {isa = PBXFileReference; lastKnownFileType = sourcecode.swift; path = UAP2Tests.swift; sourceTree = "<group>"; };
		023DB14E1B670C920048224A /* Play.png */ = {isa = PBXFileReference; lastKnownFileType = image.png; path = Play.png; sourceTree = "<group>"; };
		023DB14F1B670C920048224A /* Twilight Poem.mp3 */ = {isa = PBXFileReference; lastKnownFileType = audio.mp3; path = "Twilight Poem.mp3"; sourceTree = "<group>"; };
		025D656C1B8BE9EA006C363C /* AudioPlayer.swift */ = {isa = PBXFileReference; fileEncoding = 4; lastKnownFileType = sourcecode.swift; path = AudioPlayer.swift; sourceTree = "<group>"; };
		02BDE2901BB0BF200084BD5C /* Battle at the misty valley.mp3 */ = {isa = PBXFileReference; lastKnownFileType = audio.mp3; path = "Battle at the misty valley.mp3"; sourceTree = "<group>"; };
		02BDE2931BB0C51A0084BD5C /* ffw_icn.png */ = {isa = PBXFileReference; lastKnownFileType = image.png; path = ffw_icn.png; sourceTree = "<group>"; };
		02BDE2941BB0C51A0084BD5C /* first_icn.png */ = {isa = PBXFileReference; lastKnownFileType = image.png; path = first_icn.png; sourceTree = "<group>"; };
		02BDE2951BB0C51A0084BD5C /* last_icn.png */ = {isa = PBXFileReference; lastKnownFileType = image.png; path = last_icn.png; sourceTree = "<group>"; };
		02BDE2961BB0C51A0084BD5C /* pause_icn.png */ = {isa = PBXFileReference; lastKnownFileType = image.png; path = pause_icn.png; sourceTree = "<group>"; };
		02BDE2971BB0C51A0084BD5C /* play_icn.png */ = {isa = PBXFileReference; lastKnownFileType = image.png; path = play_icn.png; sourceTree = "<group>"; };
		02BDE2981BB0C51A0084BD5C /* rew_icn.png */ = {isa = PBXFileReference; lastKnownFileType = image.png; path = rew_icn.png; sourceTree = "<group>"; };
		1F628B151BE84A22005902DF /* MediaClass.swift */ = {isa = PBXFileReference; fileEncoding = 4; lastKnownFileType = sourcecode.swift; path = MediaClass.swift; sourceTree = "<group>"; };
		1F8ED4861C1666AE0079166F /* Swift 2 Experiment.playground */ = {isa = PBXFileReference; lastKnownFileType = file.playground; name = "Swift 2 Experiment.playground"; path = "../../../Swift 2 Experiment.playground"; sourceTree = "<group>"; };
		1FD96DC61C166E0500F37047 /* Audio.swift */ = {isa = PBXFileReference; fileEncoding = 4; lastKnownFileType = sourcecode.swift; path = Audio.swift; sourceTree = "<group>"; };
		1FD96DC81C166FD300F37047 /* AudioLibrary.swift */ = {isa = PBXFileReference; fileEncoding = 4; lastKnownFileType = sourcecode.swift; path = AudioLibrary.swift; sourceTree = "<group>"; };
/* End PBXFileReference section */

/* Begin PBXFrameworksBuildPhase section */
		023DB1261B670BE50048224A /* Frameworks */ = {
			isa = PBXFrameworksBuildPhase;
			buildActionMask = 2147483647;
			files = (
			);
			runOnlyForDeploymentPostprocessing = 0;
		};
		023DB13B1B670BE50048224A /* Frameworks */ = {
			isa = PBXFrameworksBuildPhase;
			buildActionMask = 2147483647;
			files = (
			);
			runOnlyForDeploymentPostprocessing = 0;
		};
/* End PBXFrameworksBuildPhase section */

/* Begin PBXGroup section */
		023DB1201B670BE50048224A = {
			isa = PBXGroup;
			children = (
				023DB12B1B670BE50048224A /* UAP2 */,
				023DB1411B670BE50048224A /* UAP2Tests */,
				023DB12A1B670BE50048224A /* Products */,
			);
			sourceTree = "<group>";
		};
		023DB12A1B670BE50048224A /* Products */ = {
			isa = PBXGroup;
			children = (
				023DB1291B670BE50048224A /* UAP2.app */,
				023DB13E1B670BE50048224A /* UAP2Tests.xctest */,
			);
			name = Products;
			sourceTree = "<group>";
		};
		023DB12B1B670BE50048224A /* UAP2 */ = {
			isa = PBXGroup;
			children = (
				023DB12E1B670BE50048224A /* AppDelegate.swift */,
				023DB1301B670BE50048224A /* ViewController.swift */,
				023DB1321B670BE50048224A /* Main.storyboard */,
				1F8ED4861C1666AE0079166F /* Swift 2 Experiment.playground */,
				023DB1351B670BE50048224A /* Images.xcassets */,
				023DB1371B670BE50048224A /* LaunchScreen.xib */,
				023DB12C1B670BE50048224A /* Supporting Files */,
				025D656C1B8BE9EA006C363C /* AudioPlayer.swift */,
				1F628B151BE84A22005902DF /* MediaClass.swift */,
				1FD96DC61C166E0500F37047 /* Audio.swift */,
				1FD96DC81C166FD300F37047 /* AudioLibrary.swift */,
			);
			path = UAP2;
			sourceTree = "<group>";
		};
		023DB12C1B670BE50048224A /* Supporting Files */ = {
			isa = PBXGroup;
			children = (
				02BDE2921BB0C51A0084BD5C /* icons */,
				02BDE2901BB0BF200084BD5C /* Battle at the misty valley.mp3 */,
				023DB14E1B670C920048224A /* Play.png */,
				023DB14F1B670C920048224A /* Twilight Poem.mp3 */,
				023DB12D1B670BE50048224A /* Info.plist */,
			);
			name = "Supporting Files";
			sourceTree = "<group>";
		};
		023DB1411B670BE50048224A /* UAP2Tests */ = {
			isa = PBXGroup;
			children = (
				023DB1441B670BE50048224A /* UAP2Tests.swift */,
				023DB1421B670BE50048224A /* Supporting Files */,
			);
			path = UAP2Tests;
			sourceTree = "<group>";
		};
		023DB1421B670BE50048224A /* Supporting Files */ = {
			isa = PBXGroup;
			children = (
				023DB1431B670BE50048224A /* Info.plist */,
			);
			name = "Supporting Files";
			sourceTree = "<group>";
		};
		02BDE2921BB0C51A0084BD5C /* icons */ = {
			isa = PBXGroup;
			children = (
				02BDE2931BB0C51A0084BD5C /* ffw_icn.png */,
				02BDE2941BB0C51A0084BD5C /* first_icn.png */,
				02BDE2951BB0C51A0084BD5C /* last_icn.png */,
				02BDE2961BB0C51A0084BD5C /* pause_icn.png */,
				02BDE2971BB0C51A0084BD5C /* play_icn.png */,
				02BDE2981BB0C51A0084BD5C /* rew_icn.png */,
			);
			path = icons;
			sourceTree = "<group>";
		};
/* End PBXGroup section */

/* Begin PBXNativeTarget section */
		023DB1281B670BE50048224A /* UAP2 */ = {
			isa = PBXNativeTarget;
			buildConfigurationList = 023DB1481B670BE50048224A /* Build configuration list for PBXNativeTarget "UAP2" */;
			buildPhases = (
				023DB1251B670BE50048224A /* Sources */,
				023DB1261B670BE50048224A /* Frameworks */,
				023DB1271B670BE50048224A /* Resources */,
			);
			buildRules = (
			);
			dependencies = (
			);
			name = UAP2;
			productName = UAP2;
			productReference = 023DB1291B670BE50048224A /* UAP2.app */;
			productType = "com.apple.product-type.application";
		};
		023DB13D1B670BE50048224A /* UAP2Tests */ = {
			isa = PBXNativeTarget;
			buildConfigurationList = 023DB14B1B670BE50048224A /* Build configuration list for PBXNativeTarget "UAP2Tests" */;
			buildPhases = (
				023DB13A1B670BE50048224A /* Sources */,
				023DB13B1B670BE50048224A /* Frameworks */,
				023DB13C1B670BE50048224A /* Resources */,
			);
			buildRules = (
			);
			dependencies = (
				023DB1401B670BE50048224A /* PBXTargetDependency */,
			);
			name = UAP2Tests;
			productName = UAP2Tests;
			productReference = 023DB13E1B670BE50048224A /* UAP2Tests.xctest */;
			productType = "com.apple.product-type.bundle.unit-test";
		};
/* End PBXNativeTarget section */

/* Begin PBXProject section */
		023DB1211B670BE50048224A /* Project object */ = {
			isa = PBXProject;
			attributes = {
				LastSwiftMigration = 0710;
				LastSwiftUpdateCheck = 0710;
				LastUpgradeCheck = 0610;
				ORGANIZATIONNAME = Miles;
				TargetAttributes = {
					023DB1281B670BE50048224A = {
						CreatedOnToolsVersion = 6.1.1;
					};
					023DB13D1B670BE50048224A = {
						CreatedOnToolsVersion = 6.1.1;
						TestTargetID = 023DB1281B670BE50048224A;
					};
				};
			};
			buildConfigurationList = 023DB1241B670BE50048224A /* Build configuration list for PBXProject "UAP2" */;
			compatibilityVersion = "Xcode 3.2";
			developmentRegion = English;
			hasScannedForEncodings = 0;
			knownRegions = (
				en,
				Base,
			);
			mainGroup = 023DB1201B670BE50048224A;
			productRefGroup = 023DB12A1B670BE50048224A /* Products */;
			projectDirPath = "";
			projectRoot = "";
			targets = (
				023DB1281B670BE50048224A /* UAP2 */,
				023DB13D1B670BE50048224A /* UAP2Tests */,
			);
		};
/* End PBXProject section */

/* Begin PBXResourcesBuildPhase section */
		023DB1271B670BE50048224A /* Resources */ = {
			isa = PBXResourcesBuildPhase;
			buildActionMask = 2147483647;
			files = (
				023DB1511B670C920048224A /* Twilight Poem.mp3 in Resources */,
				02BDE29A1BB0C51A0084BD5C /* first_icn.png in Resources */,
				02BDE29D1BB0C51A0084BD5C /* play_icn.png in Resources */,
				02BDE29B1BB0C51A0084BD5C /* last_icn.png in Resources */,
				02BDE2911BB0BF200084BD5C /* Battle at the misty valley.mp3 in Resources */,
				02BDE29E1BB0C51A0084BD5C /* rew_icn.png in Resources */,
				023DB1341B670BE50048224A /* Main.storyboard in Resources */,
				02BDE2991BB0C51A0084BD5C /* ffw_icn.png in Resources */,
				023DB1501B670C920048224A /* Play.png in Resources */,
				02BDE29C1BB0C51A0084BD5C /* pause_icn.png in Resources */,
				023DB1391B670BE50048224A /* LaunchScreen.xib in Resources */,
				023DB1361B670BE50048224A /* Images.xcassets in Resources */,
			);
			runOnlyForDeploymentPostprocessing = 0;
		};
		023DB13C1B670BE50048224A /* Resources */ = {
			isa = PBXResourcesBuildPhase;
			buildActionMask = 2147483647;
			files = (
			);
			runOnlyForDeploymentPostprocessing = 0;
		};
/* End PBXResourcesBuildPhase section */

/* Begin PBXSourcesBuildPhase section */
		023DB1251B670BE50048224A /* Sources */ = {
			isa = PBXSourcesBuildPhase;
			buildActionMask = 2147483647;
			files = (
				023DB1311B670BE50048224A /* ViewController.swift in Sources */,
				1F628B161BE84A22005902DF /* MediaClass.swift in Sources */,
				023DB12F1B670BE50048224A /* AppDelegate.swift in Sources */,
				025D656D1B8BE9EA006C363C /* AudioPlayer.swift in Sources */,
				1FD96DC91C166FD300F37047 /* AudioLibrary.swift in Sources */,
				1FD96DC71C166E0500F37047 /* Audio.swift in Sources */,
			);
			runOnlyForDeploymentPostprocessing = 0;
		};
		023DB13A1B670BE50048224A /* Sources */ = {
			isa = PBXSourcesBuildPhase;
			buildActionMask = 2147483647;
			files = (
				023DB1451B670BE50048224A /* UAP2Tests.swift in Sources */,
			);
			runOnlyForDeploymentPostprocessing = 0;
		};
/* End PBXSourcesBuildPhase section */

/* Begin PBXTargetDependency section */
		023DB1401B670BE50048224A /* PBXTargetDependency */ = {
			isa = PBXTargetDependency;
			target = 023DB1281B670BE50048224A /* UAP2 */;
			targetProxy = 023DB13F1B670BE50048224A /* PBXContainerItemProxy */;
		};
/* End PBXTargetDependency section */

/* Begin PBXVariantGroup section */
		023DB1321B670BE50048224A /* Main.storyboard */ = {
			isa = PBXVariantGroup;
			children = (
				023DB1331B670BE50048224A /* Base */,
			);
			name = Main.storyboard;
			sourceTree = "<group>";
		};
		023DB1371B670BE50048224A /* LaunchScreen.xib */ = {
			isa = PBXVariantGroup;
			children = (
				023DB1381B670BE50048224A /* Base */,
			);
			name = LaunchScreen.xib;
			sourceTree = "<group>";
		};
/* End PBXVariantGroup section */

/* Begin XCBuildConfiguration section */
		023DB1461B670BE50048224A /* Debug */ = {
			isa = XCBuildConfiguration;
			buildSettings = {
				ALWAYS_SEARCH_USER_PATHS = NO;
				CLANG_CXX_LANGUAGE_STANDARD = "gnu++0x";
				CLANG_CXX_LIBRARY = "libc++";
				CLANG_ENABLE_MODULES = YES;
				CLANG_ENABLE_OBJC_ARC = YES;
				CLANG_WARN_BOOL_CONVERSION = YES;
				CLANG_WARN_CONSTANT_CONVERSION = YES;
				CLANG_WARN_DIRECT_OBJC_ISA_USAGE = YES_ERROR;
				CLANG_WARN_EMPTY_BODY = YES;
				CLANG_WARN_ENUM_CONVERSION = YES;
				CLANG_WARN_INT_CONVERSION = YES;
				CLANG_WARN_OBJC_ROOT_CLASS = YES_ERROR;
				CLANG_WARN_UNREACHABLE_CODE = YES;
				CLANG_WARN__DUPLICATE_METHOD_MATCH = YES;
				"CODE_SIGN_IDENTITY[sdk=iphoneos*]" = "iPhone Developer";
				COPY_PHASE_STRIP = NO;
				ENABLE_STRICT_OBJC_MSGSEND = YES;
				GCC_C_LANGUAGE_STANDARD = gnu99;
				GCC_DYNAMIC_NO_PIC = NO;
				GCC_OPTIMIZATION_LEVEL = 0;
				GCC_PREPROCESSOR_DEFINITIONS = (
					"DEBUG=1",
					"$(inherited)",
				);
				GCC_SYMBOLS_PRIVATE_EXTERN = NO;
				GCC_WARN_64_TO_32_BIT_CONVERSION = YES;
				GCC_WARN_ABOUT_RETURN_TYPE = YES_ERROR;
				GCC_WARN_UNDECLARED_SELECTOR = YES;
				GCC_WARN_UNINITIALIZED_AUTOS = YES_AGGRESSIVE;
				GCC_WARN_UNUSED_FUNCTION = YES;
				GCC_WARN_UNUSED_VARIABLE = YES;
				IPHONEOS_DEPLOYMENT_TARGET = 8.0;
				MTL_ENABLE_DEBUG_INFO = YES;
				ONLY_ACTIVE_ARCH = YES;
				SDKROOT = iphoneos;
				SWIFT_OPTIMIZATION_LEVEL = "-Onone";
			};
			name = Debug;
		};
		023DB1471B670BE50048224A /* Release */ = {
			isa = XCBuildConfiguration;
			buildSettings = {
				ALWAYS_SEARCH_USER_PATHS = NO;
				CLANG_CXX_LANGUAGE_STANDARD = "gnu++0x";
				CLANG_CXX_LIBRARY = "libc++";
				CLANG_ENABLE_MODULES = YES;
				CLANG_ENABLE_OBJC_ARC = YES;
				CLANG_WARN_BOOL_CONVERSION = YES;
				CLANG_WARN_CONSTANT_CONVERSION = YES;
				CLANG_WARN_DIRECT_OBJC_ISA_USAGE = YES_ERROR;
				CLANG_WARN_EMPTY_BODY = YES;
				CLANG_WARN_ENUM_CONVERSION = YES;
				CLANG_WARN_INT_CONVERSION = YES;
				CLANG_WARN_OBJC_ROOT_CLASS = YES_ERROR;
				CLANG_WARN_UNREACHABLE_CODE = YES;
				CLANG_WARN__DUPLICATE_METHOD_MATCH = YES;
				"CODE_SIGN_IDENTITY[sdk=iphoneos*]" = "iPhone Developer";
				COPY_PHASE_STRIP = YES;
				ENABLE_NS_ASSERTIONS = NO;
				ENABLE_STRICT_OBJC_MSGSEND = YES;
				GCC_C_LANGUAGE_STANDARD = gnu99;
				GCC_WARN_64_TO_32_BIT_CONVERSION = YES;
				GCC_WARN_ABOUT_RETURN_TYPE = YES_ERROR;
				GCC_WARN_UNDECLARED_SELECTOR = YES;
				GCC_WARN_UNINITIALIZED_AUTOS = YES_AGGRESSIVE;
				GCC_WARN_UNUSED_FUNCTION = YES;
				GCC_WARN_UNUSED_VARIABLE = YES;
				IPHONEOS_DEPLOYMENT_TARGET = 8.0;
				MTL_ENABLE_DEBUG_INFO = NO;
				SDKROOT = iphoneos;
				VALIDATE_PRODUCT = YES;
			};
			name = Release;
		};
		023DB1491B670BE50048224A /* Debug */ = {
			isa = XCBuildConfiguration;
			buildSettings = {
				ASSETCATALOG_COMPILER_APPICON_NAME = AppIcon;
				INFOPLIST_FILE = UAP2/Info.plist;
				LD_RUNPATH_SEARCH_PATHS = "$(inherited) @executable_path/Frameworks";
				PRODUCT_NAME = "$(TARGET_NAME)";
			};
			name = Debug;
		};
		023DB14A1B670BE50048224A /* Release */ = {
			isa = XCBuildConfiguration;
			buildSettings = {
				ASSETCATALOG_COMPILER_APPICON_NAME = AppIcon;
				INFOPLIST_FILE = UAP2/Info.plist;
				LD_RUNPATH_SEARCH_PATHS = "$(inherited) @executable_path/Frameworks";
				PRODUCT_NAME = "$(TARGET_NAME)";
			};
			name = Release;
		};
		023DB14C1B670BE50048224A /* Debug */ = {
			isa = XCBuildConfiguration;
			buildSettings = {
				BUNDLE_LOADER = "$(TEST_HOST)";
				FRAMEWORK_SEARCH_PATHS = (
					"$(SDKROOT)/Developer/Library/Frameworks",
					"$(inherited)",
				);
				GCC_PREPROCESSOR_DEFINITIONS = (
					"DEBUG=1",
					"$(inherited)",
				);
				INFOPLIST_FILE = UAP2Tests/Info.plist;
				LD_RUNPATH_SEARCH_PATHS = "$(inherited) @executable_path/Frameworks @loader_path/Frameworks";
				PRODUCT_NAME = "$(TARGET_NAME)";
				TEST_HOST = "$(BUILT_PRODUCTS_DIR)/UAP2.app/UAP2";
			};
			name = Debug;
		};
		023DB14D1B670BE50048224A /* Release */ = {
			isa = XCBuildConfiguration;
			buildSettings = {
				BUNDLE_LOADER = "$(TEST_HOST)";
				FRAMEWORK_SEARCH_PATHS = (
					"$(SDKROOT)/Developer/Library/Frameworks",
					"$(inherited)",
				);
				INFOPLIST_FILE = UAP2Tests/Info.plist;
				LD_RUNPATH_SEARCH_PATHS = "$(inherited) @executable_path/Frameworks @loader_path/Frameworks";
				PRODUCT_NAME = "$(TARGET_NAME)";
				TEST_HOST = "$(BUILT_PRODUCTS_DIR)/UAP2.app/UAP2";
			};
			name = Release;
		};
/* End XCBuildConfiguration section */

/* Begin XCConfigurationList section */
		023DB1241B670BE50048224A /* Build configuration list for PBXProject "UAP2" */ = {
			isa = XCConfigurationList;
			buildConfigurations = (
				023DB1461B670BE50048224A /* Debug */,
				023DB1471B670BE50048224A /* Release */,
			);
			defaultConfigurationIsVisible = 0;
			defaultConfigurationName = Release;
		};
		023DB1481B670BE50048224A /* Build configuration list for PBXNativeTarget "UAP2" */ = {
			isa = XCConfigurationList;
			buildConfigurations = (
				023DB1491B670BE50048224A /* Debug */,
				023DB14A1B670BE50048224A /* Release */,
			);
			defaultConfigurationIsVisible = 0;
			defaultConfigurationName = Release;
		};
		023DB14B1B670BE50048224A /* Build configuration list for PBXNativeTarget "UAP2Tests" */ = {
			isa = XCConfigurationList;
			buildConfigurations = (
				023DB14C1B670BE50048224A /* Debug */,
				023DB14D1B670BE50048224A /* Release */,
			);
			defaultConfigurationIsVisible = 0;
			defaultConfigurationName = Release;
		};
/* End XCConfigurationList section */
	};
	rootObject = 023DB1211B670BE50048224A /* Project object */;
}
